lockfileVersion: '9.0'

settings:
  autoInstallPeers: true
  excludeLinksFromLockfile: false

importers:

  .:
    dependencies:
      '@napi-rs/canvas':
        specifier: ^0.1.92
        version: 0.1.92
      '@skyra/gifenc':
        specifier: ^1.0.1
        version: 1.0.1
    devDependencies:
      '@biomejs/biome':
        specifier: ^2.4.1
        version: 2.4.1
      '@types/node':
        specifier: ^25.9.1
        version: 25.9.1
      typescript:
        specifier: ^5.9.3
        version: 5.9.3

packages:

  '@biomejs/biome@2.4.1':
    resolution: {integrity: sha512-8c5DZQl1hfpLRlTZ21W5Ef2R314E4UJUEtkMbo303ElTVe6fYtapwldv7tZlgwm+9YP0Mhk7dUSTkOY8nQ2/2w==}
    engines: {node: '>=14.21.3'}
    hasBin: true

  '@biomejs/cli-darwin-arm64@2.4.1':
    resolution: {integrity: sha512-wKiX2znbgFRaivRplSbu53hiREp1ohlGRuWqOL90IPetLi5E32tkiMYu8uSLXVzDgbIVM58WsesPaczIVtJkOQ==}
    engines: {node: '>=14.21.3'}
    cpu: [arm64]
    os: [darwin]

  '@biomejs/cli-darwin-x64@2.4.1':
    resolution: {integrity: sha512-rxLYVg3skeXh9K0om7JdkKcCdvtqrF9ECZ7dsmLuYObboK7DZ1J0z6xc2NGKSXw+cEQo3ie6NQgWBcdGJ16yQg==}
    engines: {node: '>=14.21.3'}
    cpu: [x64]
    os: [darwin]

  '@biomejs/cli-linux-arm64-musl@2.4.1':
    resolution: {integrity: sha512-Brwh/QL3wfX5UyZcyEamS1Q+EF8Q7ud+MS5mq/9BWX2ArfxQlgsqlukwK92xrGpXWcspXkSG9U0CoxvCZZkTKQ==}
    engines: {node: '>=14.21.3'}
    cpu: [arm64]
    os: [linux]

  '@biomejs/cli-linux-arm64@2.4.1':
    resolution: {integrity: sha512-nlGO5KzoEKhGj2i3QXyyNCeFk8SVwyes0wo0/X9w943darnlAHfi8MYYunPf8lsz5C0JaH6pJYB6D9HnDwUPQA==}
    engines: {node: '>=14.21.3'}
    cpu: [arm64]
    os: [linux]

  '@biomejs/cli-linux-x64-musl@2.4.1':
    resolution: {integrity: sha512-kz1QpA+PXouNyWw2VzeoMlzMn99hlyOC/El2uSy+DS8gcb6tOsKEeZ5e2onnFIfZKe9AeKMFbTowDNLXwjwGjw==}
    engines: {node: '>=14.21.3'}
    cpu: [x64]
    os: [linux]

  '@biomejs/cli-linux-x64@2.4.1':
    resolution: {integrity: sha512-Rmhm/mQ/3pejy1WtWLKurV1fN6zvCrqKz/ART2ZzgqY4ozL07uys5R9jA0A+yLjA79JTkcpIe85ygXv0FnSPRg==}
    engines: {node: '>=14.21.3'}
    cpu: [x64]
    os: [linux]

  '@biomejs/cli-win32-arm64@2.4.1':
    resolution: {integrity: sha512-e+PrlbQ/tez7W9EAzzCGUH1ovq31kR5r8sfCDzasrmoADLnDafet8pA8LdXnt0GwkeOem5Hz6WHCVZPRmaXiXw==}
    engines: {node: '>=14.21.3'}
    cpu: [arm64]
    os: [win32]

  '@biomejs/cli-win32-x64@2.4.1':
    resolution: {integrity: sha512-kfjOCzvaHC7olg8pmEuSsYzHntxdipkAGzr5nFiaEU2EPDWRE/myqUBaFDl9pHqEc8yEtQFiXF945PlTSkuOTw==}
    engines: {node: '>=14.21.3'}
    cpu: [x64]
    os: [win32]

  '@napi-rs/canvas-android-arm64@0.1.92':
    resolution: {integrity: sha512-rDOtq53ujfOuevD5taxAuIFALuf1QsQWZe1yS/N4MtT+tNiDBEdjufvQRPWZ11FubL2uwgP8ApYU3YOaNu1ZsQ==}
    engines: {node: '>= 10'}
    cpu: [arm64]
    os: [android]

  '@napi-rs/canvas-darwin-arm64@0.1.92':
    resolution: {integrity: sha512-4PT6GRGCr7yMRehp42x0LJb1V0IEy1cDZDDayv7eKbFUIGbPFkV7CRC9Bee5MPkjg1EB4ZPXXUyy3gjQm7mR8Q==}
    engines: {node: '>= 10'}
    cpu: [arm64]
    os: [darwin]

  '@napi-rs/canvas-darwin-x64@0.1.92':
    resolution: {integrity: sha512-5e/3ZapP7CqPtDcZPtmowCsjoyQwuNMMD7c0GKPtZQ8pgQhLkeq/3fmk0HqNSD1i227FyJN/9pDrhw/UMTkaWA==}
    engines: {node: '>= 10'}
    cpu: [x64]
    os: [darwin]

  '@napi-rs/canvas-linux-arm-gnueabihf@0.1.92':
    resolution: {integrity: sha512-j6KaLL9iir68lwpzzY+aBGag1PZp3+gJE2mQ3ar4VJVmyLRVOh+1qsdNK1gfWoAVy5w6U7OEYFrLzN2vOFUSng==}
    engines: {node: '>= 10'}
    cpu: [arm]
    os: [linux]

  '@napi-rs/canvas-linux-arm64-gnu@0.1.92':
    resolution: {integrity: sha512-s3NlnJMHOSotUYVoTCoC1OcomaChFdKmZg0VsHFeIkeHbwX0uPHP4eCX1irjSfMykyvsGHTQDfBAtGYuqxCxhQ==}
    engines: {node: '>= 10'}
    cpu: [arm64]
    os: [linux]

  '@napi-rs/canvas-linux-arm64-musl@0.1.92':
    resolution: {integrity: sha512-xV0GQnukYq5qY+ebkAwHjnP2OrSGBxS3vSi1zQNQj0bkXU6Ou+Tw7JjCM7pZcQ28MUyEBS1yKfo7rc7ip2IPFQ==}
    engines: {node: '>= 10'}
    cpu: [arm64]
    os: [linux]

  '@napi-rs/canvas-linux-riscv64-gnu@0.1.92':
    resolution: {integrity: sha512-+GKvIFbQ74eB/TopEdH6XIXcvOGcuKvCITLGXy7WLJAyNp3Kdn1ncjxg91ihatBaPR+t63QOE99yHuIWn3UQ9w==}
    engines: {node: '>= 10'}
    cpu: [riscv64]
    os: [linux]

  '@napi-rs/canvas-linux-x64-gnu@0.1.92':
    resolution: {integrity: sha512-tFd6MwbEhZ1g64iVY2asV+dOJC+GT3Yd6UH4G3Hp0/VHQ6qikB+nvXEULskFYZ0+wFqlGPtXjG1Jmv7sJy+3Ww==}
    engines: {node: '>= 10'}
    cpu: [x64]
    os: [linux]

  '@napi-rs/canvas-linux-x64-musl@0.1.92':
    resolution: {integrity: sha512-uSuqeSveB/ZGd72VfNbHCSXO9sArpZTvznMVsb42nqPP7gBGEH6NJQ0+hmF+w24unEmxBhPYakP/Wiosm16KkA==}
    engines: {node: '>= 10'}
    cpu: [x64]
    os: [linux]

  '@napi-rs/canvas-win32-arm64-msvc@0.1.92':
    resolution: {integrity: sha512-20SK5AU/OUNz9ZuoAPj5ekWai45EIBDh/XsdrVZ8le/pJVlhjFU3olbumSQUXRFn7lBRS+qwM8kA//uLaDx6iQ==}
    engines: {node: '>= 10'}
    cpu: [arm64]
    os: [win32]

  '@napi-rs/canvas-win32-x64-msvc@0.1.92':
    resolution: {integrity: sha512-KEhyZLzq1MXCNlXybz4k25MJmHFp+uK1SIb8yJB0xfrQjz5aogAMhyseSzewo+XxAq3OAOdyKvfHGNzT3w1RPg==}
    engines: {node: '>= 10'}
    cpu: [x64]
    os: [win32]

  '@napi-rs/canvas@0.1.92':
    resolution: {integrity: sha512-q7ZaUCJkEU5BeOdE7fBx1XWRd2T5Ady65nxq4brMf5L4cE1VV/ACq5w9Z5b/IVJs8CwSSIwc30nlthH0gFo4Ig==}
    engines: {node: '>= 10'}

  '@skyra/gifenc@1.0.1':
    resolution: {integrity: sha512-kxu65ZchumEKWnFwPwy+/T2+/lzQZtwK6f5VTG3OJIBqvfdyRyxrWvbeBHT6G8p6nBEuxSwyI3YXTv2koXvHVQ==}
    engines: {node: '>=v14.18.0', npm: '>=7.24.2'}

  '@types/node@25.9.1':
    resolution: {integrity: sha512-xfrlY7UD5rMJk3ZVJP8BNzS28J36YJg+xp+LPXV1TdWxr8uMH5A860QNxYDGQe/ylDSgjxE52Q9VnO7p75tJxg==}

  tslib@2.8.1:
    resolution: {integrity: sha512-oJFu94HQb+KVduSUQL7wnpmqnfmLsOA/nAh6b6EH0wCEoK0/mPeXU6c3wKDV83MkOuHPRHtSXKKU99IBazS/2w==}

  typescript@5.9.3:
    resolution: {integrity: sha512-jl1vZzPDinLr9eUt3J/t7V6FgNEw9QjvBPdysz9KfQDD41fQrC2Y4vKQdiaUpFT4bXlb1RHhLpp8wtm6M5TgSw==}
    engines: {node: '>=14.17'}
    hasBin: true

  undici-types@7.24.6:
    resolution: {integrity: sha512-WRNW+sJgj5OBN4/0JpHFqtqzhpbnV0GuB+OozA9gCL7a993SmU+1JBZCzLNxYsbMfIeDL+lTsphD5jN5N+n0zg==}

snapshots:

  '@biomejs/biome@2.4.1':
    optionalDependencies:
      '@biomejs/cli-darwin-arm64': 2.4.1
      '@biomejs/cli-darwin-x64': 2.4.1
      '@biomejs/cli-linux-arm64': 2.4.1
      '@biomejs/cli-linux-arm64-musl': 2.4.1
      '@biomejs/cli-linux-x64': 2.4.1
      '@biomejs/cli-linux-x64-musl': 2.4.1
      '@biomejs/cli-win32-arm64': 2.4.1
      '@biomejs/cli-win32-x64': 2.4.1

  '@biomejs/cli-darwin-arm64@2.4.1':
    optional: true

  '@biomejs/cli-darwin-x64@2.4.1':
    optional: true

  '@biomejs/cli-linux-arm64-musl@2.4.1':
    optional: true

  '@biomejs/cli-linux-arm64@2.4.1':
    optional: true

  '@biomejs/cli-linux-x64-musl@2.4.1':
    optional: true

  '@biomejs/cli-linux-x64@2.4.1':
    optional: true

  '@biomejs/cli-win32-arm64@2.4.1':
    optional: true

  '@biomejs/cli-win32-x64@2.4.1':
    optional: true

  '@napi-rs/canvas-android-arm64@0.1.92':
    optional: true

  '@napi-rs/canvas-darwin-arm64@0.1.92':
    optional: true

  '@napi-rs/canvas-darwin-x64@0.1.92':
    optional: true

  '@napi-rs/canvas-linux-arm-gnueabihf@0.1.92':
    optional: true

  '@napi-rs/canvas-linux-arm64-gnu@0.1.92':
    optional: true

  '@napi-rs/canvas-linux-arm64-musl@0.1.92':
    optional: true

  '@napi-rs/canvas-linux-riscv64-gnu@0.1.92':
    optional: true

  '@napi-rs/canvas-linux-x64-gnu@0.1.92':
    optional: true

  '@napi-rs/canvas-linux-x64-musl@0.1.92':
    optional: true

  '@napi-rs/canvas-win32-arm64-msvc@0.1.92':
    optional: true

  '@napi-rs/canvas-win32-x64-msvc@0.1.92':
    optional: true

  '@napi-rs/canvas@0.1.92':
    optionalDependencies:
      '@napi-rs/canvas-android-arm64': 0.1.92
      '@napi-rs/canvas-darwin-arm64': 0.1.92
      '@napi-rs/canvas-darwin-x64': 0.1.92
      '@napi-rs/canvas-linux-arm-gnueabihf': 0.1.92
      '@napi-rs/canvas-linux-arm64-gnu': 0.1.92
      '@napi-rs/canvas-linux-arm64-musl': 0.1.92
      '@napi-rs/canvas-linux-riscv64-gnu': 0.1.92
      '@napi-rs/canvas-linux-x64-gnu': 0.1.92
      '@napi-rs/canvas-linux-x64-musl': 0.1.92
      '@napi-rs/canvas-win32-arm64-msvc': 0.1.92
      '@napi-rs/canvas-win32-x64-msvc': 0.1.92

  '@skyra/gifenc@1.0.1':
    dependencies:
      tslib: 2.8.1

  '@types/node@25.9.1':
    dependencies:
      undici-types: 7.24.6

  tslib@2.8.1: {}

  typescript@5.9.3: {}

  undici-types@7.24.6: {}
